// !$*UTF8*$!
{
	archiveVersion = 1;
	classes = {
	};
	objectVersion = 48;
	objects = {

/* Begin PBXBuildFile section */
		3210483F9E07ABA26FF6A998 /* Pods_SamsClubTVBuyingGuideTests.framework in Frameworks */ = {isa = PBXBuildFile; fileRef = DF119468B25188E26F30EF49 /* Pods_SamsClubTVBuyingGuideTests.framework */; };
		3921B8E7AA90A25FEB5B99DE /* Pods_SamsClubTVBuyingGuide.framework in Frameworks */ = {isa = PBXBuildFile; fileRef = 2E8683FFA56749B1437E3DA1 /* Pods_SamsClubTVBuyingGuide.framework */; };
		550BCFEB1F7DE41E00908824 /* TopRatedTableViewCell.swift in Sources */ = {isa = PBXBuildFile; fileRef = 550BCFEA1F7DE41E00908824 /* TopRatedTableViewCell.swift */; };
		550BCFED1F7DE44100908824 /* TopRatedTableVC.swift in Sources */ = {isa = PBXBuildFile; fileRef = 550BCFEC1F7DE44100908824 /* TopRatedTableVC.swift */; };
		550BCFF11F7E017600908824 /* MockDataManager.swift in Sources */ = {isa = PBXBuildFile; fileRef = 550BCFF01F7E017600908824 /* MockDataManager.swift */; };
		550BCFF31F7ECD6600908824 /* PaymentManager.swift in Sources */ = {isa = PBXBuildFile; fileRef = 550BCFF21F7ECD6600908824 /* PaymentManager.swift */; };
		550BD01F1F7F721100908824 /* FilterVC.swift in Sources */ = {isa = PBXBuildFile; fileRef = 550BD01E1F7F721100908824 /* FilterVC.swift */; };
		5557CEC71F7AFF3000D943AB /* AppDelegate.swift in Sources */ = {isa = PBXBuildFile; fileRef = 5557CEC61F7AFF3000D943AB /* AppDelegate.swift */; };
		5557CEC91F7AFF3000D943AB /* StartVC.swift in Sources */ = {isa = PBXBuildFile; fileRef = 5557CEC81F7AFF3000D943AB /* StartVC.swift */; };
		5557CECC1F7AFF3000D943AB /* Main.storyboard in Resources */ = {isa = PBXBuildFile; fileRef = 5557CECA1F7AFF3000D943AB /* Main.storyboard */; };
		5557CECE1F7AFF3000D943AB /* Assets.xcassets in Resources */ = {isa = PBXBuildFile; fileRef = 5557CECD1F7AFF3000D943AB /* Assets.xcassets */; };
		5557CED11F7AFF3000D943AB /* LaunchScreen.storyboard in Resources */ = {isa = PBXBuildFile; fileRef = 5557CECF1F7AFF3000D943AB /* LaunchScreen.storyboard */; };
		5557CEDC1F7AFF3000D943AB /* SamsClubTVBuyingGuideTests.swift in Sources */ = {isa = PBXBuildFile; fileRef = 5557CEDB1F7AFF3000D943AB /* SamsClubTVBuyingGuideTests.swift */; };
		5557CEE71F7AFF3000D943AB /* SamsClubTVBuyingGuideUITests.swift in Sources */ = {isa = PBXBuildFile; fileRef = 5557CEE61F7AFF3000D943AB /* SamsClubTVBuyingGuideUITests.swift */; };
		5557CEFE1F7B035200D943AB /* NoConnectivityVC.swift in Sources */ = {isa = PBXBuildFile; fileRef = 5557CEFC1F7B035200D943AB /* NoConnectivityVC.swift */; };
		5557CEFF1F7B035200D943AB /* NoConnectivityVC.xib in Resources */ = {isa = PBXBuildFile; fileRef = 5557CEFD1F7B035200D943AB /* NoConnectivityVC.xib */; };
		5557CF011F7B03FE00D943AB /* RoundedButton.swift in Sources */ = {isa = PBXBuildFile; fileRef = 5557CF001F7B03FE00D943AB /* RoundedButton.swift */; };
		5557CF031F7B042900D943AB /* Colors.swift in Sources */ = {isa = PBXBuildFile; fileRef = 5557CF021F7B042900D943AB /* Colors.swift */; };
		5557CF051F7B044D00D943AB /* Reachability.swift in Sources */ = {isa = PBXBuildFile; fileRef = 5557CF041F7B044D00D943AB /* Reachability.swift */; };
		5557CF071F7B053A00D943AB /* Constants.swift in Sources */ = {isa = PBXBuildFile; fileRef = 5557CF061F7B053A00D943AB /* Constants.swift */; };
		5557CF091F7B05E000D943AB /* ProductViewTableViewCell.swift in Sources */ = {isa = PBXBuildFile; fileRef = 5557CF081F7B05E000D943AB /* ProductViewTableViewCell.swift */; };
		5557CF0B1F7B061100D943AB /* Product.swift in Sources */ = {isa = PBXBuildFile; fileRef = 5557CF0A1F7B061100D943AB /* Product.swift */; };
		5557CF0D1F7B063200D943AB /* MockData.swift in Sources */ = {isa = PBXBuildFile; fileRef = 5557CF0C1F7B063200D943AB /* MockData.swift */; };
		5557CF0F1F7B066000D943AB /* NetworkManager.swift in Sources */ = {isa = PBXBuildFile; fileRef = 5557CF0E1F7B066000D943AB /* NetworkManager.swift */; };
		5557CF111F7B0EE400D943AB /* ShowAllTvsTableVC.swift in Sources */ = {isa = PBXBuildFile; fileRef = 5557CF101F7B0EE400D943AB /* ShowAllTvsTableVC.swift */; };
		556787FC1F7B2F260005148A /* ProductDetailVC.swift in Sources */ = {isa = PBXBuildFile; fileRef = 556787FB1F7B2F260005148A /* ProductDetailVC.swift */; };
		556787FE1F7B40A70005148A /* Extensions.swift in Sources */ = {isa = PBXBuildFile; fileRef = 556787FD1F7B40A70005148A /* Extensions.swift */; };
		55E182BA1F7FFB2100D05685 /* TVinRoomVC.swift in Sources */ = {isa = PBXBuildFile; fileRef = 55E182B91F7FFB2100D05685 /* TVinRoomVC.swift */; };
		55E182BE1F804F4600D05685 /* FilterTableViewCell.swift in Sources */ = {isa = PBXBuildFile; fileRef = 55E182BD1F804F4600D05685 /* FilterTableViewCell.swift */; };
		55E182C01F805EC600D05685 /* TvPickerVC.swift in Sources */ = {isa = PBXBuildFile; fileRef = 55E182BF1F805EC600D05685 /* TvPickerVC.swift */; };
		55E182C21F80604A00D05685 /* art.scnassets in Resources */ = {isa = PBXBuildFile; fileRef = 55E182C11F80604A00D05685 /* art.scnassets */; };
		CE126A3D3E175D16B11CE3C9 /* Pods_SamsClubTVBuyingGuideUITests.framework in Frameworks */ = {isa = PBXBuildFile; fileRef = CC30CD621634E7DEA242FF7C /* Pods_SamsClubTVBuyingGuideUITests.framework */; };
/* End PBXBuildFile section */

/* Begin PBXContainerItemProxy section */
		5557CED81F7AFF3000D943AB /* PBXContainerItemProxy */ = {
			isa = PBXContainerItemProxy;
			containerPortal = 5557CEBB1F7AFF3000D943AB /* Project object */;
			proxyType = 1;
			remoteGlobalIDString = 5557CEC21F7AFF3000D943AB;
			remoteInfo = SamsClubTVBuyingGuide;
		};
		5557CEE31F7AFF3000D943AB /* PBXContainerItemProxy */ = {
			isa = PBXContainerItemProxy;
			containerPortal = 5557CEBB1F7AFF3000D943AB /* Project object */;
			proxyType = 1;
			remoteGlobalIDString = 5557CEC21F7AFF3000D943AB;
			remoteInfo = SamsClubTVBuyingGuide;
		};
/* End PBXContainerItemProxy section */

/* Begin PBXFileReference section */
		2E8683FFA56749B1437E3DA1 /* Pods_SamsClubTVBuyingGuide.framework */ = {isa = PBXFileReference; explicitFileType = wrapper.framework; includeInIndex = 0; path = Pods_SamsClubTVBuyingGuide.framework; sourceTree = BUILT_PRODUCTS_DIR; };
		3C442BD02AC0524BDE8EF9B2 /* Pods-SamsClubTVBuyingGuide.release.xcconfig */ = {isa = PBXFileReference; includeInIndex = 1; lastKnownFileType = text.xcconfig; name = "Pods-SamsClubTVBuyingGuide.release.xcconfig"; path = "Pods/Target Support Files/Pods-SamsClubTVBuyingGuide/Pods-SamsClubTVBuyingGuide.release.xcconfig"; sourceTree = "<group>"; };
		550BCFEA1F7DE41E00908824 /* TopRatedTableViewCell.swift */ = {isa = PBXFileReference; lastKnownFileType = sourcecode.swift; path = TopRatedTableViewCell.swift; sourceTree = "<group>"; };
		550BCFEC1F7DE44100908824 /* TopRatedTableVC.swift */ = {isa = PBXFileReference; lastKnownFileType = sourcecode.swift; path = TopRatedTableVC.swift; sourceTree = "<group>"; };
		550BCFF01F7E017600908824 /* MockDataManager.swift */ = {isa = PBXFileReference; lastKnownFileType = sourcecode.swift; path = MockDataManager.swift; sourceTree = "<group>"; };
		550BCFF21F7ECD6600908824 /* PaymentManager.swift */ = {isa = PBXFileReference; lastKnownFileType = sourcecode.swift; path = PaymentManager.swift; sourceTree = "<group>"; };
		550BCFF41F7ECD9100908824 /* SamsClubTVBuyingGuide.entitlements */ = {isa = PBXFileReference; lastKnownFileType = text.plist.entitlements; path = SamsClubTVBuyingGuide.entitlements; sourceTree = "<group>"; };
		550BD01E1F7F721100908824 /* FilterVC.swift */ = {isa = PBXFileReference; lastKnownFileType = sourcecode.swift; path = FilterVC.swift; sourceTree = "<group>"; };
		5557CEC31F7AFF3000D943AB /* SamsClubTVBuyingGuide.app */ = {isa = PBXFileReference; explicitFileType = wrapper.application; includeInIndex = 0; path = SamsClubTVBuyingGuide.app; sourceTree = BUILT_PRODUCTS_DIR; };
		5557CEC61F7AFF3000D943AB /* AppDelegate.swift */ = {isa = PBXFileReference; lastKnownFileType = sourcecode.swift; path = AppDelegate.swift; sourceTree = "<group>"; };
		5557CEC81F7AFF3000D943AB /* StartVC.swift */ = {isa = PBXFileReference; lastKnownFileType = sourcecode.swift; path = StartVC.swift; sourceTree = "<group>"; };
		5557CECB1F7AFF3000D943AB /* Base */ = {isa = PBXFileReference; lastKnownFileType = file.storyboard; name = Base; path = Base.lproj/Main.storyboard; sourceTree = "<group>"; };
		5557CECD1F7AFF3000D943AB /* Assets.xcassets */ = {isa = PBXFileReference; lastKnownFileType = folder.assetcatalog; path = Assets.xcassets; sourceTree = "<group>"; };
		5557CED01F7AFF3000D943AB /* Base */ = {isa = PBXFileReference; lastKnownFileType = file.storyboard; name = Base; path = Base.lproj/LaunchScreen.storyboard; sourceTree = "<group>"; };
		5557CED21F7AFF3000D943AB /* Info.plist */ = {isa = PBXFileReference; lastKnownFileType = text.plist.xml; path = Info.plist; sourceTree = "<group>"; };
		5557CED71F7AFF3000D943AB /* SamsClubTVBuyingGuideTests.xctest */ = {isa = PBXFileReference; explicitFileType = wrapper.cfbundle; includeInIndex = 0; path = SamsClubTVBuyingGuideTests.xctest; sourceTree = BUILT_PRODUCTS_DIR; };
		5557CEDB1F7AFF3000D943AB /* SamsClubTVBuyingGuideTests.swift */ = {isa = PBXFileReference; lastKnownFileType = sourcecode.swift; path = SamsClubTVBuyingGuideTests.swift; sourceTree = "<group>"; };
		5557CEDD1F7AFF3000D943AB /* Info.plist */ = {isa = PBXFileReference; lastKnownFileType = text.plist.xml; path = Info.plist; sourceTree = "<group>"; };
		5557CEE21F7AFF3000D943AB /* SamsClubTVBuyingGuideUITests.xctest */ = {isa = PBXFileReference; explicitFileType = wrapper.cfbundle; includeInIndex = 0; path = SamsClubTVBuyingGuideUITests.xctest; sourceTree = BUILT_PRODUCTS_DIR; };
		5557CEE61F7AFF3000D943AB /* SamsClubTVBuyingGuideUITests.swift */ = {isa = PBXFileReference; lastKnownFileType = sourcecode.swift; path = SamsClubTVBuyingGuideUITests.swift; sourceTree = "<group>"; };
		5557CEE81F7AFF3000D943AB /* Info.plist */ = {isa = PBXFileReference; lastKnownFileType = text.plist.xml; path = Info.plist; sourceTree = "<group>"; };
		5557CEFC1F7B035200D943AB /* NoConnectivityVC.swift */ = {isa = PBXFileReference; lastKnownFileType = sourcecode.swift; path = NoConnectivityVC.swift; sourceTree = "<group>"; };
		5557CEFD1F7B035200D943AB /* NoConnectivityVC.xib */ = {isa = PBXFileReference; lastKnownFileType = file.xib; path = NoConnectivityVC.xib; sourceTree = "<group>"; };
		5557CF001F7B03FE00D943AB /* RoundedButton.swift */ = {isa = PBXFileReference; lastKnownFileType = sourcecode.swift; path = RoundedButton.swift; sourceTree = "<group>"; };
		5557CF021F7B042900D943AB /* Colors.swift */ = {isa = PBXFileReference; lastKnownFileType = sourcecode.swift; path = Colors.swift; sourceTree = "<group>"; };
		5557CF041F7B044D00D943AB /* Reachability.swift */ = {isa = PBXFileReference; lastKnownFileType = sourcecode.swift; path = Reachability.swift; sourceTree = "<group>"; };
		5557CF061F7B053A00D943AB /* Constants.swift */ = {isa = PBXFileReference; lastKnownFileType = sourcecode.swift; path = Constants.swift; sourceTree = "<group>"; };
		5557CF081F7B05E000D943AB /* ProductViewTableViewCell.swift */ = {isa = PBXFileReference; lastKnownFileType = sourcecode.swift; path = ProductViewTableViewCell.swift; sourceTree = "<group>"; };
		5557CF0A1F7B061100D943AB /* Product.swift */ = {isa = PBXFileReference; lastKnownFileType = sourcecode.swift; path = Product.swift; sourceTree = "<group>"; };
		5557CF0C1F7B063200D943AB /* MockData.swift */ = {isa = PBXFileReference; lastKnownFileType = sourcecode.swift; path = MockData.swift; sourceTree = "<group>"; };
		5557CF0E1F7B066000D943AB /* NetworkManager.swift */ = {isa = PBXFileReference; lastKnownFileType = sourcecode.swift; path = NetworkManager.swift; sourceTree = "<group>"; };
		5557CF101F7B0EE400D943AB /* ShowAllTvsTableVC.swift */ = {isa = PBXFileReference; lastKnownFileType = sourcecode.swift; path = ShowAllTvsTableVC.swift; sourceTree = "<group>"; };
		556787FB1F7B2F260005148A /* ProductDetailVC.swift */ = {isa = PBXFileReference; lastKnownFileType = sourcecode.swift; path = ProductDetailVC.swift; sourceTree = "<group>"; };
		556787FD1F7B40A70005148A /* Extensions.swift */ = {isa = PBXFileReference; lastKnownFileType = sourcecode.swift; path = Extensions.swift; sourceTree = "<group>"; };
		556787FF1F7B4E580005148A /* README.md */ = {isa = PBXFileReference; lastKnownFileType = net.daringfireball.markdown; path = README.md; sourceTree = "<group>"; };
		55E182B91F7FFB2100D05685 /* TVinRoomVC.swift */ = {isa = PBXFileReference; lastKnownFileType = sourcecode.swift; path = TVinRoomVC.swift; sourceTree = "<group>"; };
		55E182BD1F804F4600D05685 /* FilterTableViewCell.swift */ = {isa = PBXFileReference; lastKnownFileType = sourcecode.swift; path = FilterTableViewCell.swift; sourceTree = "<group>"; };
		55E182BF1F805EC600D05685 /* TvPickerVC.swift */ = {isa = PBXFileReference; lastKnownFileType = sourcecode.swift; path = TvPickerVC.swift; sourceTree = "<group>"; };
		55E182C11F80604A00D05685 /* art.scnassets */ = {isa = PBXFileReference; lastKnownFileType = wrapper.scnassets; path = art.scnassets; sourceTree = "<group>"; };
		5FB7B9A5C6F441FCE27F3901 /* Pods-SamsClubTVBuyingGuide.debug.xcconfig */ = {isa = PBXFileReference; includeInIndex = 1; lastKnownFileType = text.xcconfig; name = "Pods-SamsClubTVBuyingGuide.debug.xcconfig"; path = "Pods/Target Support Files/Pods-SamsClubTVBuyingGuide/Pods-SamsClubTVBuyingGuide.debug.xcconfig"; sourceTree = "<group>"; };
		860092C567E8B5A0D6539F72 /* Pods-SamsClubTVBuyingGuideUITests.debug.xcconfig */ = {isa = PBXFileReference; includeInIndex = 1; lastKnownFileType = text.xcconfig; name = "Pods-SamsClubTVBuyingGuideUITests.debug.xcconfig"; path = "Pods/Target Support Files/Pods-SamsClubTVBuyingGuideUITests/Pods-SamsClubTVBuyingGuideUITests.debug.xcconfig"; sourceTree = "<group>"; };
		9BDF81938B44B2BDAFC8C03B /* Pods-SamsClubTVBuyingGuideTests.debug.xcconfig */ = {isa = PBXFileReference; includeInIndex = 1; lastKnownFileType = text.xcconfig; name = "Pods-SamsClubTVBuyingGuideTests.debug.xcconfig"; path = "Pods/Target Support Files/Pods-SamsClubTVBuyingGuideTests/Pods-SamsClubTVBuyingGuideTests.debug.xcconfig"; sourceTree = "<group>"; };
		CC30CD621634E7DEA242FF7C /* Pods_SamsClubTVBuyingGuideUITests.framework */ = {isa = PBXFileReference; explicitFileType = wrapper.framework; includeInIndex = 0; path = Pods_SamsClubTVBuyingGuideUITests.framework; sourceTree = BUILT_PRODUCTS_DIR; };
		CFDB66C291E0872757FEB2A5 /* Pods-SamsClubTVBuyingGuideUITests.release.xcconfig */ = {isa = PBXFileReference; includeInIndex = 1; lastKnownFileType = text.xcconfig; name = "Pods-SamsClubTVBuyingGuideUITests.release.xcconfig"; path = "Pods/Target Support Files/Pods-SamsClubTVBuyingGuideUITests/Pods-SamsClubTVBuyingGuideUITests.release.xcconfig"; sourceTree = "<group>"; };
		DF119468B25188E26F30EF49 /* Pods_SamsClubTVBuyingGuideTests.framework */ = {isa = PBXFileReference; explicitFileType = wrapper.framework; includeInIndex = 0; path = Pods_SamsClubTVBuyingGuideTests.framework; sourceTree = BUILT_PRODUCTS_DIR; };
		FC8F863832FDC761D8939608 /* Pods-SamsClubTVBuyingGuideTests.release.xcconfig */ = {isa = PBXFileReference; includeInIndex = 1; lastKnownFileType = text.xcconfig; name = "Pods-SamsClubTVBuyingGuideTests.release.xcconfig"; path = "Pods/Target Support Files/Pods-SamsClubTVBuyingGuideTests/Pods-SamsClubTVBuyingGuideTests.release.xcconfig"; sourceTree = "<group>"; };
/* End PBXFileReference section */

/* Begin PBXFrameworksBuildPhase section */
		5557CEC01F7AFF3000D943AB /* Frameworks */ = {
			isa = PBXFrameworksBuildPhase;
			buildActionMask = 2147483647;
			files = (
				3921B8E7AA90A25FEB5B99DE /* Pods_SamsClubTVBuyingGuide.framework in Frameworks */,
			);
			runOnlyForDeploymentPostprocessing = 0;
		};
		5557CED41F7AFF3000D943AB /* Frameworks */ = {
			isa = PBXFrameworksBuildPhase;
			buildActionMask = 2147483647;
			files = (
				3210483F9E07ABA26FF6A998 /* Pods_SamsClubTVBuyingGuideTests.framework in Frameworks */,
			);
			runOnlyForDeploymentPostprocessing = 0;
		};
		5557CEDF1F7AFF3000D943AB /* Frameworks */ = {
			isa = PBXFrameworksBuildPhase;
			buildActionMask = 2147483647;
			files = (
				CE126A3D3E175D16B11CE3C9 /* Pods_SamsClubTVBuyingGuideUITests.framework in Frameworks */,
			);
			runOnlyForDeploymentPostprocessing = 0;
		};
/* End PBXFrameworksBuildPhase section */

/* Begin PBXGroup section */
		5557CEBA1F7AFF3000D943AB = {
			isa = PBXGroup;
			children = (
				556787FF1F7B4E580005148A /* README.md */,
				5557CEC51F7AFF3000D943AB /* SamsClubTVBuyingGuide */,
				5557CEDA1F7AFF3000D943AB /* SamsClubTVBuyingGuideTests */,
				5557CEE51F7AFF3000D943AB /* SamsClubTVBuyingGuideUITests */,
				5557CEC41F7AFF3000D943AB /* Products */,
				971593E2E83157ECFD700A1D /* Pods */,
				762CF8025E94FBEB849C06AF /* Frameworks */,
			);
			sourceTree = "<group>";
		};
		5557CEC41F7AFF3000D943AB /* Products */ = {
			isa = PBXGroup;
			children = (
				5557CEC31F7AFF3000D943AB /* SamsClubTVBuyingGuide.app */,
				5557CED71F7AFF3000D943AB /* SamsClubTVBuyingGuideTests.xctest */,
				5557CEE21F7AFF3000D943AB /* SamsClubTVBuyingGuideUITests.xctest */,
			);
			name = Products;
			sourceTree = "<group>";
		};
		5557CEC51F7AFF3000D943AB /* SamsClubTVBuyingGuide */ = {
			isa = PBXGroup;
			children = (
				550BCFF41F7ECD9100908824 /* SamsClubTVBuyingGuide.entitlements */,
				5557CED21F7AFF3000D943AB /* Info.plist */,
				5557CEF51F7AFF5A00D943AB /* Controllers */,
				5557CEF61F7AFF6800D943AB /* Models */,
				5557CEF71F7AFF6F00D943AB /* Services */,
				5557CEF81F7AFF7A00D943AB /* Storyboards */,
				5557CEFB1F7AFFAF00D943AB /* Supporting Files */,
				5557CEF91F7AFF8300D943AB /* Utilities */,
				5557CEFA1F7AFF9000D943AB /* Views */,
				5557CEF41F7AFF4D00D943AB /* XIBs */,
			);
			path = SamsClubTVBuyingGuide;
			sourceTree = "<group>";
		};
		5557CEDA1F7AFF3000D943AB /* SamsClubTVBuyingGuideTests */ = {
			isa = PBXGroup;
			children = (
				5557CEDB1F7AFF3000D943AB /* SamsClubTVBuyingGuideTests.swift */,
				5557CEDD1F7AFF3000D943AB /* Info.plist */,
			);
			path = SamsClubTVBuyingGuideTests;
			sourceTree = "<group>";
		};
		5557CEE51F7AFF3000D943AB /* SamsClubTVBuyingGuideUITests */ = {
			isa = PBXGroup;
			children = (
				5557CEE61F7AFF3000D943AB /* SamsClubTVBuyingGuideUITests.swift */,
				5557CEE81F7AFF3000D943AB /* Info.plist */,
			);
			path = SamsClubTVBuyingGuideUITests;
			sourceTree = "<group>";
		};
		5557CEF41F7AFF4D00D943AB /* XIBs */ = {
			isa = PBXGroup;
			children = (
				5557CEFD1F7B035200D943AB /* NoConnectivityVC.xib */,
			);
			path = XIBs;
			sourceTree = "<group>";
		};
		5557CEF51F7AFF5A00D943AB /* Controllers */ = {
			isa = PBXGroup;
			children = (
				550BD01E1F7F721100908824 /* FilterVC.swift */,
				5557CEFC1F7B035200D943AB /* NoConnectivityVC.swift */,
				556787FB1F7B2F260005148A /* ProductDetailVC.swift */,
				5557CF101F7B0EE400D943AB /* ShowAllTvsTableVC.swift */,
				5557CEC81F7AFF3000D943AB /* StartVC.swift */,
				550BCFEC1F7DE44100908824 /* TopRatedTableVC.swift */,
				55E182B91F7FFB2100D05685 /* TVinRoomVC.swift */,
			);
			path = Controllers;
			sourceTree = "<group>";
		};
		5557CEF61F7AFF6800D943AB /* Models */ = {
			isa = PBXGroup;
			children = (
				5557CF0C1F7B063200D943AB /* MockData.swift */,
				5557CF0A1F7B061100D943AB /* Product.swift */,
			);
			path = Models;
			sourceTree = "<group>";
		};
		5557CEF71F7AFF6F00D943AB /* Services */ = {
			isa = PBXGroup;
			children = (
				550BCFF01F7E017600908824 /* MockDataManager.swift */,
				5557CF0E1F7B066000D943AB /* NetworkManager.swift */,
				550BCFF21F7ECD6600908824 /* PaymentManager.swift */,
			);
			path = Services;
			sourceTree = "<group>";
		};
		5557CEF81F7AFF7A00D943AB /* Storyboards */ = {
			isa = PBXGroup;
			children = (
				5557CECA1F7AFF3000D943AB /* Main.storyboard */,
				5557CECF1F7AFF3000D943AB /* LaunchScreen.storyboard */,
			);
			path = Storyboards;
			sourceTree = "<group>";
		};
		5557CEF91F7AFF8300D943AB /* Utilities */ = {
			isa = PBXGroup;
			children = (
				5557CF021F7B042900D943AB /* Colors.swift */,
				5557CF061F7B053A00D943AB /* Constants.swift */,
				556787FD1F7B40A70005148A /* Extensions.swift */,
				5557CF041F7B044D00D943AB /* Reachability.swift */,
			);
			path = Utilities;
			sourceTree = "<group>";
		};
		5557CEFA1F7AFF9000D943AB /* Views */ = {
			isa = PBXGroup;
			children = (
				55E182BD1F804F4600D05685 /* FilterTableViewCell.swift */,
				5557CF081F7B05E000D943AB /* ProductViewTableViewCell.swift */,
				5557CF001F7B03FE00D943AB /* RoundedButton.swift */,
				550BCFEA1F7DE41E00908824 /* TopRatedTableViewCell.swift */,
				55E182BF1F805EC600D05685 /* TvPickerVC.swift */,
			);
			path = Views;
			sourceTree = "<group>";
		};
		5557CEFB1F7AFFAF00D943AB /* Supporting Files */ = {
			isa = PBXGroup;
			children = (
				5557CECD1F7AFF3000D943AB /* Assets.xcassets */,
				5557CEC61F7AFF3000D943AB /* AppDelegate.swift */,
				55E182C11F80604A00D05685 /* art.scnassets */,
			);
			path = "Supporting Files";
			sourceTree = "<group>";
		};
		762CF8025E94FBEB849C06AF /* Frameworks */ = {
			isa = PBXGroup;
			children = (
				2E8683FFA56749B1437E3DA1 /* Pods_SamsClubTVBuyingGuide.framework */,
				DF119468B25188E26F30EF49 /* Pods_SamsClubTVBuyingGuideTests.framework */,
				CC30CD621634E7DEA242FF7C /* Pods_SamsClubTVBuyingGuideUITests.framework */,
			);
			name = Frameworks;
			sourceTree = "<group>";
		};
		971593E2E83157ECFD700A1D /* Pods */ = {
			isa = PBXGroup;
			children = (
				5FB7B9A5C6F441FCE27F3901 /* Pods-SamsClubTVBuyingGuide.debug.xcconfig */,
				3C442BD02AC0524BDE8EF9B2 /* Pods-SamsClubTVBuyingGuide.release.xcconfig */,
				9BDF81938B44B2BDAFC8C03B /* Pods-SamsClubTVBuyingGuideTests.debug.xcconfig */,
				FC8F863832FDC761D8939608 /* Pods-SamsClubTVBuyingGuideTests.release.xcconfig */,
				860092C567E8B5A0D6539F72 /* Pods-SamsClubTVBuyingGuideUITests.debug.xcconfig */,
				CFDB66C291E0872757FEB2A5 /* Pods-SamsClubTVBuyingGuideUITests.release.xcconfig */,
			);
			name = Pods;
			sourceTree = "<group>";
		};
/* End PBXGroup section */

/* Begin PBXNativeTarget section */
		5557CEC21F7AFF3000D943AB /* SamsClubTVBuyingGuide */ = {
			isa = PBXNativeTarget;
			buildConfigurationList = 5557CEEB1F7AFF3000D943AB /* Build configuration list for PBXNativeTarget "SamsClubTVBuyingGuide" */;
			buildPhases = (
				E73D8310D896780A347DD275 /* [CP] Check Pods Manifest.lock */,
				5557CEBF1F7AFF3000D943AB /* Sources */,
				5557CEC01F7AFF3000D943AB /* Frameworks */,
				5557CEC11F7AFF3000D943AB /* Resources */,
				5FEB466767D3B0A3A3352B8B /* [CP] Embed Pods Frameworks */,
				031C7A7EE2320E9F29032EE6 /* [CP] Copy Pods Resources */,
			);
			buildRules = (
			);
			dependencies = (
			);
			name = SamsClubTVBuyingGuide;
			productName = SamsClubTVBuyingGuide;
			productReference = 5557CEC31F7AFF3000D943AB /* SamsClubTVBuyingGuide.app */;
			productType = "com.apple.product-type.application";
		};
		5557CED61F7AFF3000D943AB /* SamsClubTVBuyingGuideTests */ = {
			isa = PBXNativeTarget;
			buildConfigurationList = 5557CEEE1F7AFF3000D943AB /* Build configuration list for PBXNativeTarget "SamsClubTVBuyingGuideTests" */;
			buildPhases = (
				366775402B60707B76487643 /* [CP] Check Pods Manifest.lock */,
				5557CED31F7AFF3000D943AB /* Sources */,
				5557CED41F7AFF3000D943AB /* Frameworks */,
				5557CED51F7AFF3000D943AB /* Resources */,
				C0B27A9FBE1A7717B1F44FAA /* [CP] Embed Pods Frameworks */,
				C6CAC7BF1304C3A4EB43176B /* [CP] Copy Pods Resources */,
			);
			buildRules = (
			);
			dependencies = (
				5557CED91F7AFF3000D943AB /* PBXTargetDependency */,
			);
			name = SamsClubTVBuyingGuideTests;
			productName = SamsClubTVBuyingGuideTests;
			productReference = 5557CED71F7AFF3000D943AB /* SamsClubTVBuyingGuideTests.xctest */;
			productType = "com.apple.product-type.bundle.unit-test";
		};
		5557CEE11F7AFF3000D943AB /* SamsClubTVBuyingGuideUITests */ = {
			isa = PBXNativeTarget;
			buildConfigurationList = 5557CEF11F7AFF3000D943AB /* Build configuration list for PBXNativeTarget "SamsClubTVBuyingGuideUITests" */;
			buildPhases = (
				00685CE14EAD45AF562E94D3 /* [CP] Check Pods Manifest.lock */,
				5557CEDE1F7AFF3000D943AB /* Sources */,
				5557CEDF1F7AFF3000D943AB /* Frameworks */,
				5557CEE01F7AFF3000D943AB /* Resources */,
				B5C182CA14B94ACA3C5D911D /* [CP] Embed Pods Frameworks */,
				4FC9B55C4F51BCAFA8B65760 /* [CP] Copy Pods Resources */,
			);
			buildRules = (
			);
			dependencies = (
				5557CEE41F7AFF3000D943AB /* PBXTargetDependency */,
			);
			name = SamsClubTVBuyingGuideUITests;
			productName = SamsClubTVBuyingGuideUITests;
			productReference = 5557CEE21F7AFF3000D943AB /* SamsClubTVBuyingGuideUITests.xctest */;
			productType = "com.apple.product-type.bundle.ui-testing";
		};
/* End PBXNativeTarget section */

/* Begin PBXProject section */
		5557CEBB1F7AFF3000D943AB /* Project object */ = {
			isa = PBXProject;
			attributes = {
				LastSwiftUpdateCheck = 0900;
				LastUpgradeCheck = 0900;
				ORGANIZATIONNAME = "Dave Rothschild";
				TargetAttributes = {
					5557CEC21F7AFF3000D943AB = {
						CreatedOnToolsVersion = 9.0;
						ProvisioningStyle = Automatic;
						SystemCapabilities = {
							com.apple.ApplePay = {
								enabled = 1;
							};
						};
					};
					5557CED61F7AFF3000D943AB = {
						CreatedOnToolsVersion = 9.0;
						ProvisioningStyle = Automatic;
						TestTargetID = 5557CEC21F7AFF3000D943AB;
					};
					5557CEE11F7AFF3000D943AB = {
						CreatedOnToolsVersion = 9.0;
						ProvisioningStyle = Automatic;
						TestTargetID = 5557CEC21F7AFF3000D943AB;
					};
				};
			};
			buildConfigurationList = 5557CEBE1F7AFF3000D943AB /* Build configuration list for PBXProject "SamsClubTVBuyingGuide" */;
			compatibilityVersion = "Xcode 8.0";
			developmentRegion = en;
			hasScannedForEncodings = 0;
			knownRegions = (
				en,
				Base,
			);
			mainGroup = 5557CEBA1F7AFF3000D943AB;
			productRefGroup = 5557CEC41F7AFF3000D943AB /* Products */;
			projectDirPath = "";
			projectRoot = "";
			targets = (
				5557CEC21F7AFF3000D943AB /* SamsClubTVBuyingGuide */,
				5557CED61F7AFF3000D943AB /* SamsClubTVBuyingGuideTests */,
				5557CEE11F7AFF3000D943AB /* SamsClubTVBuyingGuideUITests */,
			);
		};
/* End PBXProject section */

/* Begin PBXResourcesBuildPhase section */
		5557CEC11F7AFF3000D943AB /* Resources */ = {
			isa = PBXResourcesBuildPhase;
			buildActionMask = 2147483647;
			files = (
				55E182C21F80604A00D05685 /* art.scnassets in Resources */,
				5557CED11F7AFF3000D943AB /* LaunchScreen.storyboard in Resources */,
				5557CECE1F7AFF3000D943AB /* Assets.xcassets in Resources */,
				5557CEFF1F7B035200D943AB /* NoConnectivityVC.xib in Resources */,
				5557CECC1F7AFF3000D943AB /* Main.storyboard in Resources */,
			);
			runOnlyForDeploymentPostprocessing = 0;
		};
		5557CED51F7AFF3000D943AB /* Resources */ = {
			isa = PBXResourcesBuildPhase;
			buildActionMask = 2147483647;
			files = (
			);
			runOnlyForDeploymentPostprocessing = 0;
		};
		5557CEE01F7AFF3000D943AB /* Resources */ = {
			isa = PBXResourcesBuildPhase;
			buildActionMask = 2147483647;
			files = (
			);
			runOnlyForDeploymentPostprocessing = 0;
		};
/* End PBXResourcesBuildPhase section */

/* Begin PBXShellScriptBuildPhase section */
		00685CE14EAD45AF562E94D3 /* [CP] Check Pods Manifest.lock */ = {
			isa = PBXShellScriptBuildPhase;
			buildActionMask = 2147483647;
			files = (
			);
			inputPaths = (
			);
			name = "[CP] Check Pods Manifest.lock";
			outputPaths = (
			);
			runOnlyForDeploymentPostprocessing = 0;
			shellPath = /bin/sh;
			shellScript = "diff \"${PODS_ROOT}/../Podfile.lock\" \"${PODS_ROOT}/Manifest.lock\" > /dev/null\nif [ $? != 0 ] ; then\n    # print error to STDERR\n    echo \"error: The sandbox is not in sync with the Podfile.lock. Run 'pod install' or update your CocoaPods installation.\" >&2\n    exit 1\nfi\n";
			showEnvVarsInLog = 0;
		};
		031C7A7EE2320E9F29032EE6 /* [CP] Copy Pods Resources */ = {
			isa = PBXShellScriptBuildPhase;
			buildActionMask = 2147483647;
			files = (
			);
			inputPaths = (
			);
			name = "[CP] Copy Pods Resources";
			outputPaths = (
			);
			runOnlyForDeploymentPostprocessing = 0;
			shellPath = /bin/sh;
			shellScript = "\"${SRCROOT}/Pods/Target Support Files/Pods-SamsClubTVBuyingGuide/Pods-SamsClubTVBuyingGuide-resources.sh\"\n";
			showEnvVarsInLog = 0;
		};
		366775402B60707B76487643 /* [CP] Check Pods Manifest.lock */ = {
			isa = PBXShellScriptBuildPhase;
			buildActionMask = 2147483647;
			files = (
			);
			inputPaths = (
			);
			name = "[CP] Check Pods Manifest.lock";
			outputPaths = (
			);
			runOnlyForDeploymentPostprocessing = 0;
			shellPath = /bin/sh;
			shellScript = "diff \"${PODS_ROOT}/../Podfile.lock\" \"${PODS_ROOT}/Manifest.lock\" > /dev/null\nif [ $? != 0 ] ; then\n    # print error to STDERR\n    echo \"error: The sandbox is not in sync with the Podfile.lock. Run 'pod install' or update your CocoaPods installation.\" >&2\n    exit 1\nfi\n";
			showEnvVarsInLog = 0;
		};
		4FC9B55C4F51BCAFA8B65760 /* [CP] Copy Pods Resources */ = {
			isa = PBXShellScriptBuildPhase;
			buildActionMask = 2147483647;
			files = (
			);
			inputPaths = (
			);
			name = "[CP] Copy Pods Resources";
			outputPaths = (
			);
			runOnlyForDeploymentPostprocessing = 0;
			shellPath = /bin/sh;
			shellScript = "\"${SRCROOT}/Pods/Target Support Files/Pods-SamsClubTVBuyingGuideUITests/Pods-SamsClubTVBuyingGuideUITests-resources.sh\"\n";
			showEnvVarsInLog = 0;
		};
		5FEB466767D3B0A3A3352B8B /* [CP] Embed Pods Frameworks */ = {
			isa = PBXShellScriptBuildPhase;
			buildActionMask = 2147483647;
			files = (
			);
			inputPaths = (
			);
			name = "[CP] Embed Pods Frameworks";
			outputPaths = (
			);
			runOnlyForDeploymentPostprocessing = 0;
			shellPath = /bin/sh;
			shellScript = "\"${SRCROOT}/Pods/Target Support Files/Pods-SamsClubTVBuyingGuide/Pods-SamsClubTVBuyingGuide-frameworks.sh\"\n";
			showEnvVarsInLog = 0;
		};
		B5C182CA14B94ACA3C5D911D /* [CP] Embed Pods Frameworks */ = {
			isa = PBXShellScriptBuildPhase;
			buildActionMask = 2147483647;
			files = (
			);
			inputPaths = (
			);
			name = "[CP] Embed Pods Frameworks";
			outputPaths = (
			);
			runOnlyForDeploymentPostprocessing = 0;
			shellPath = /bin/sh;
			shellScript = "\"${SRCROOT}/Pods/Target Support Files/Pods-SamsClubTVBuyingGuideUITests/Pods-SamsClubTVBuyingGuideUITests-frameworks.sh\"\n";
			showEnvVarsInLog = 0;
		};
		C0B27A9FBE1A7717B1F44FAA /* [CP] Embed Pods Frameworks */ = {
			isa = PBXShellScriptBuildPhase;
			buildActionMask = 2147483647;
			files = (
			);
			inputPaths = (
			);
			name = "[CP] Embed Pods Frameworks";
			outputPaths = (
			);
			runOnlyForDeploymentPostprocessing = 0;
			shellPath = /bin/sh;
			shellScript = "\"${SRCROOT}/Pods/Target Support Files/Pods-SamsClubTVBuyingGuideTests/Pods-SamsClubTVBuyingGuideTests-frameworks.sh\"\n";
			showEnvVarsInLog = 0;
		};
		C6CAC7BF1304C3A4EB43176B /* [CP] Copy Pods Resources */ = {
			isa = PBXShellScriptBuildPhase;
			buildActionMask = 2147483647;
			files = (
			);
			inputPaths = (
			);
			name = "[CP] Copy Pods Resources";
			outputPaths = (
			);
			runOnlyForDeploymentPostprocessing = 0;
			shellPath = /bin/sh;
			shellScript = "\"${SRCROOT}/Pods/Target Support Files/Pods-SamsClubTVBuyingGuideTests/Pods-SamsClubTVBuyingGuideTests-resources.sh\"\n";
			showEnvVarsInLog = 0;
		};
		E73D8310D896780A347DD275 /* [CP] Check Pods Manifest.lock */ = {
			isa = PBXShellScriptBuildPhase;
			buildActionMask = 2147483647;
			files = (
			);
			inputPaths = (
			);
			name = "[CP] Check Pods Manifest.lock";
			outputPaths = (
			);
			runOnlyForDeploymentPostprocessing = 0;
			shellPath = /bin/sh;
			shellScript = "diff \"${PODS_ROOT}/../Podfile.lock\" \"${PODS_ROOT}/Manifest.lock\" > /dev/null\nif [ $? != 0 ] ; then\n    # print error to STDERR\n    echo \"error: The sandbox is not in sync with the Podfile.lock. Run 'pod install' or update your CocoaPods installation.\" >&2\n    exit 1\nfi\n";
			showEnvVarsInLog = 0;
		};
/* End PBXShellScriptBuildPhase section */

/* Begin PBXSourcesBuildPhase section */
		5557CEBF1F7AFF3000D943AB /* Sources */ = {
			isa = PBXSourcesBuildPhase;
			buildActionMask = 2147483647;
			files = (
				5557CF091F7B05E000D943AB /* ProductViewTableViewCell.swift in Sources */,
				5557CEC91F7AFF3000D943AB /* StartVC.swift in Sources */,
				5557CF0B1F7B061100D943AB /* Product.swift in Sources */,
				5557CF031F7B042900D943AB /* Colors.swift in Sources */,
				550BCFED1F7DE44100908824 /* TopRatedTableVC.swift in Sources */,
				5557CF0F1F7B066000D943AB /* NetworkManager.swift in Sources */,
				55E182C01F805EC600D05685 /* TvPickerVC.swift in Sources */,
				5557CF051F7B044D00D943AB /* Reachability.swift in Sources */,
				550BCFF11F7E017600908824 /* MockDataManager.swift in Sources */,
				5557CEC71F7AFF3000D943AB /* AppDelegate.swift in Sources */,
				5557CF071F7B053A00D943AB /* Constants.swift in Sources */,
				5557CEFE1F7B035200D943AB /* NoConnectivityVC.swift in Sources */,
				5557CF011F7B03FE00D943AB /* RoundedButton.swift in Sources */,
				55E182BE1F804F4600D05685 /* FilterTableViewCell.swift in Sources */,
				550BD01F1F7F721100908824 /* FilterVC.swift in Sources */,
				550BCFF31F7ECD6600908824 /* PaymentManager.swift in Sources */,
				550BCFEB1F7DE41E00908824 /* TopRatedTableViewCell.swift in Sources */,
				5557CF111F7B0EE400D943AB /* ShowAllTvsTableVC.swift in Sources */,
				556787FC1F7B2F260005148A /* ProductDetailVC.swift in Sources */,
				5557CF0D1F7B063200D943AB /* MockData.swift in Sources */,
				55E182BA1F7FFB2100D05685 /* TVinRoomVC.swift in Sources */,
				556787FE1F7B40A70005148A /* Extensions.swift in Sources */,
			);
			runOnlyForDeploymentPostprocessing = 0;
		};
		5557CED31F7AFF3000D943AB /* Sources */ = {
			isa = PBXSourcesBuildPhase;
			buildActionMask = 2147483647;
			files = (
				5557CEDC1F7AFF3000D943AB /* SamsClubTVBuyingGuideTests.swift in Sources */,
			);
			runOnlyForDeploymentPostprocessing = 0;
		};
		5557CEDE1F7AFF3000D943AB /* Sources */ = {
			isa = PBXSourcesBuildPhase;
			buildActionMask = 2147483647;
			files = (
				5557CEE71F7AFF3000D943AB /* SamsClubTVBuyingGuideUITests.swift in Sources */,
			);
			runOnlyForDeploymentPostprocessing = 0;
		};
/* End PBXSourcesBuildPhase section */

/* Begin PBXTargetDependency section */
		5557CED91F7AFF3000D943AB /* PBXTargetDependency */ = {
			isa = PBXTargetDependency;
			target = 5557CEC21F7AFF3000D943AB /* SamsClubTVBuyingGuide */;
			targetProxy = 5557CED81F7AFF3000D943AB /* PBXContainerItemProxy */;
		};
		5557CEE41F7AFF3000D943AB /* PBXTargetDependency */ = {
			isa = PBXTargetDependency;
			target = 5557CEC21F7AFF3000D943AB /* SamsClubTVBuyingGuide */;
			targetProxy = 5557CEE31F7AFF3000D943AB /* PBXContainerItemProxy */;
		};
/* End PBXTargetDependency section */

/* Begin PBXVariantGroup section */
		5557CECA1F7AFF3000D943AB /* Main.storyboard */ = {
			isa = PBXVariantGroup;
			children = (
				5557CECB1F7AFF3000D943AB /* Base */,
			);
			name = Main.storyboard;
			sourceTree = "<group>";
		};
		5557CECF1F7AFF3000D943AB /* LaunchScreen.storyboard */ = {
			isa = PBXVariantGroup;
			children = (
				5557CED01F7AFF3000D943AB /* Base */,
			);
			name = LaunchScreen.storyboard;
			sourceTree = "<group>";
		};
/* End PBXVariantGroup section */

/* Begin XCBuildConfiguration section */
		5557CEE91F7AFF3000D943AB /* Debug */ = {
			isa = XCBuildConfiguration;
			buildSettings = {
				ALWAYS_SEARCH_USER_PATHS = NO;
				CLANG_ANALYZER_NONNULL = YES;
				CLANG_ANALYZER_NUMBER_OBJECT_CONVERSION = YES_AGGRESSIVE;
				CLANG_CXX_LANGUAGE_STANDARD = "gnu++14";
				CLANG_CXX_LIBRARY = "libc++";
				CLANG_ENABLE_MODULES = YES;
				CLANG_ENABLE_OBJC_ARC = YES;
				CLANG_WARN_BLOCK_CAPTURE_AUTORELEASING = YES;
				CLANG_WARN_BOOL_CONVERSION = YES;
				CLANG_WARN_COMMA = YES;
				CLANG_WARN_CONSTANT_CONVERSION = YES;
				CLANG_WARN_DIRECT_OBJC_ISA_USAGE = YES_ERROR;
				CLANG_WARN_DOCUMENTATION_COMMENTS = YES;
				CLANG_WARN_EMPTY_BODY = YES;
				CLANG_WARN_ENUM_CONVERSION = YES;
				CLANG_WARN_INFINITE_RECURSION = YES;
				CLANG_WARN_INT_CONVERSION = YES;
				CLANG_WARN_NON_LITERAL_NULL_CONVERSION = YES;
				CLANG_WARN_OBJC_LITERAL_CONVERSION = YES;
				CLANG_WARN_OBJC_ROOT_CLASS = YES_ERROR;
				CLANG_WARN_RANGE_LOOP_ANALYSIS = YES;
				CLANG_WARN_STRICT_PROTOTYPES = YES;
				CLANG_WARN_SUSPICIOUS_MOVE = YES;
				CLANG_WARN_UNGUARDED_AVAILABILITY = YES_AGGRESSIVE;
				CLANG_WARN_UNREACHABLE_CODE = YES;
				CLANG_WARN__DUPLICATE_METHOD_MATCH = YES;
				CODE_SIGN_IDENTITY = "iPhone Developer";
				COPY_PHASE_STRIP = NO;
				DEBUG_INFORMATION_FORMAT = dwarf;
				ENABLE_STRICT_OBJC_MSGSEND = YES;
				ENABLE_TESTABILITY = YES;
				GCC_C_LANGUAGE_STANDARD = gnu11;
				GCC_DYNAMIC_NO_PIC = NO;
				GCC_NO_COMMON_BLOCKS = YES;
				GCC_OPTIMIZATION_LEVEL = 0;
				GCC_PREPROCESSOR_DEFINITIONS = (
					"DEBUG=1",
					"$(inherited)",
				);
				GCC_WARN_64_TO_32_BIT_CONVERSION = YES;
				GCC_WARN_ABOUT_RETURN_TYPE = YES_ERROR;
				GCC_WARN_UNDECLARED_SELECTOR = YES;
				GCC_WARN_UNINITIALIZED_AUTOS = YES_AGGRESSIVE;
				GCC_WARN_UNUSED_FUNCTION = YES;
				GCC_WARN_UNUSED_VARIABLE = YES;
				IPHONEOS_DEPLOYMENT_TARGET = 11.0;
				MTL_ENABLE_DEBUG_INFO = YES;
				ONLY_ACTIVE_ARCH = YES;
				SDKROOT = iphoneos;
				SWIFT_ACTIVE_COMPILATION_CONDITIONS = DEBUG;
				SWIFT_OPTIMIZATION_LEVEL = "-Onone";
			};
			name = Debug;
		};
		5557CEEA1F7AFF3000D943AB /* Release */ = {
			isa = XCBuildConfiguration;
			buildSettings = {
				ALWAYS_SEARCH_USER_PATHS = NO;
				CLANG_ANALYZER_NONNULL = YES;
				CLANG_ANALYZER_NUMBER_OBJECT_CONVERSION = YES_AGGRESSIVE;
				CLANG_CXX_LANGUAGE_STANDARD = "gnu++14";
				CLANG_CXX_LIBRARY = "libc++";
				CLANG_ENABLE_MODULES = YES;
				CLANG_ENABLE_OBJC_ARC = YES;
				CLANG_WARN_BLOCK_CAPTURE_AUTORELEASING = YES;
				CLANG_WARN_BOOL_CONVERSION = YES;
				CLANG_WARN_COMMA = YES;
				CLANG_WARN_CONSTANT_CONVERSION = YES;
				CLANG_WARN_DIRECT_OBJC_ISA_USAGE = YES_ERROR;
				CLANG_WARN_DOCUMENTATION_COMMENTS = YES;
				CLANG_WARN_EMPTY_BODY = YES;
				CLANG_WARN_ENUM_CONVERSION = YES;
				CLANG_WARN_INFINITE_RECURSION = YES;
				CLANG_WARN_INT_CONVERSION = YES;
				CLANG_WARN_NON_LITERAL_NULL_CONVERSION = YES;
				CLANG_WARN_OBJC_LITERAL_CONVERSION = YES;
				CLANG_WARN_OBJC_ROOT_CLASS = YES_ERROR;
				CLANG_WARN_RANGE_LOOP_ANALYSIS = YES;
				CLANG_WARN_STRICT_PROTOTYPES = YES;
				CLANG_WARN_SUSPICIOUS_MOVE = YES;
				CLANG_WARN_UNGUARDED_AVAILABILITY = YES_AGGRESSIVE;
				CLANG_WARN_UNREACHABLE_CODE = YES;
				CLANG_WARN__DUPLICATE_METHOD_MATCH = YES;
				CODE_SIGN_IDENTITY = "iPhone Developer";
				COPY_PHASE_STRIP = NO;
				DEBUG_INFORMATION_FORMAT = "dwarf-with-dsym";
				ENABLE_NS_ASSERTIONS = NO;
				ENABLE_STRICT_OBJC_MSGSEND = YES;
				GCC_C_LANGUAGE_STANDARD = gnu11;
				GCC_NO_COMMON_BLOCKS = YES;
				GCC_WARN_64_TO_32_BIT_CONVERSION = YES;
				GCC_WARN_ABOUT_RETURN_TYPE = YES_ERROR;
				GCC_WARN_UNDECLARED_SELECTOR = YES;
				GCC_WARN_UNINITIALIZED_AUTOS = YES_AGGRESSIVE;
				GCC_WARN_UNUSED_FUNCTION = YES;
				GCC_WARN_UNUSED_VARIABLE = YES;
				IPHONEOS_DEPLOYMENT_TARGET = 11.0;
				MTL_ENABLE_DEBUG_INFO = NO;
				SDKROOT = iphoneos;
				SWIFT_OPTIMIZATION_LEVEL = "-Owholemodule";
				VALIDATE_PRODUCT = YES;
			};
			name = Release;
		};
		5557CEEC1F7AFF3000D943AB /* Debug */ = {
			isa = XCBuildConfiguration;
			baseConfigurationReference = 5FB7B9A5C6F441FCE27F3901 /* Pods-SamsClubTVBuyingGuide.debug.xcconfig */;
			buildSettings = {
				ALWAYS_EMBED_SWIFT_STANDARD_LIBRARIES = YES;
				ASSETCATALOG_COMPILER_APPICON_NAME = AppIcon;
				CODE_SIGN_ENTITLEMENTS = SamsClubTVBuyingGuide/SamsClubTVBuyingGuide.entitlements;
				CODE_SIGN_STYLE = Automatic;
				DEVELOPMENT_TEAM = 64ZMRUDATB;
				INFOPLIST_FILE = SamsClubTVBuyingGuide/Info.plist;
				LD_RUNPATH_SEARCH_PATHS = "$(inherited) @executable_path/Frameworks";
				PRODUCT_BUNDLE_IDENTIFIER = com.dave.samsclub;
				PRODUCT_MODULE_NAME = "$(PRODUCT_NAME:c99extidentifier)";
				PRODUCT_NAME = "$(TARGET_NAME)";
				SWIFT_VERSION = 4.0;
				TARGETED_DEVICE_FAMILY = "1,2";
			};
			name = Debug;
		};
		5557CEED1F7AFF3000D943AB /* Release */ = {
			isa = XCBuildConfiguration;
			baseConfigurationReference = 3C442BD02AC0524BDE8EF9B2 /* Pods-SamsClubTVBuyingGuide.release.xcconfig */;
			buildSettings = {
				ALWAYS_EMBED_SWIFT_STANDARD_LIBRARIES = YES;
				ASSETCATALOG_COMPILER_APPICON_NAME = AppIcon;
				CODE_SIGN_ENTITLEMENTS = SamsClubTVBuyingGuide/SamsClubTVBuyingGuide.entitlements;
				CODE_SIGN_STYLE = Automatic;
				DEVELOPMENT_TEAM = 64ZMRUDATB;
				INFOPLIST_FILE = SamsClubTVBuyingGuide/Info.plist;
				LD_RUNPATH_SEARCH_PATHS = "$(inherited) @executable_path/Frameworks";
				PRODUCT_BUNDLE_IDENTIFIER = com.dave.samsclub;
				PRODUCT_MODULE_NAME = "$(PRODUCT_NAME:c99extidentifier)";
				PRODUCT_NAME = "$(TARGET_NAME)";
				SWIFT_VERSION = 4.0;
				TARGETED_DEVICE_FAMILY = "1,2";
			};
			name = Release;
		};
		5557CEEF1F7AFF3000D943AB /* Debug */ = {
			isa = XCBuildConfiguration;
			baseConfigurationReference = 9BDF81938B44B2BDAFC8C03B /* Pods-SamsClubTVBuyingGuideTests.debug.xcconfig */;
			buildSettings = {
				ALWAYS_EMBED_SWIFT_STANDARD_LIBRARIES = YES;
				BUNDLE_LOADER = "$(TEST_HOST)";
				CODE_SIGN_STYLE = Automatic;
				DEVELOPMENT_TEAM = 64ZMRUDATB;
				INFOPLIST_FILE = SamsClubTVBuyingGuideTests/Info.plist;
				LD_RUNPATH_SEARCH_PATHS = "$(inherited) @executable_path/Frameworks @loader_path/Frameworks";
				PRODUCT_BUNDLE_IDENTIFIER = com.daverothschild.SamsClubTVBuyingGuideTests;
				PRODUCT_NAME = "$(TARGET_NAME)";
				SWIFT_VERSION = 4.0;
				TARGETED_DEVICE_FAMILY = "1,2";
				TEST_HOST = "$(BUILT_PRODUCTS_DIR)/SamsClubTVBuyingGuide.app/SamsClubTVBuyingGuide";
			};
			name = Debug;
		};
		5557CEF01F7AFF3000D943AB /* Release */ = {
			isa = XCBuildConfiguration;
			baseConfigurationReference = FC8F863832FDC761D8939608 /* Pods-SamsClubTVBuyingGuideTests.release.xcconfig */;
			buildSettings = {
				ALWAYS_EMBED_SWIFT_STANDARD_LIBRARIES = YES;
				BUNDLE_LOADER = "$(TEST_HOST)";
				CODE_SIGN_STYLE = Automatic;
				DEVELOPMENT_TEAM = 64ZMRUDATB;
				INFOPLIST_FILE = SamsClubTVBuyingGuideTests/Info.plist;
				LD_RUNPATH_SEARCH_PATHS = "$(inherited) @executable_path/Frameworks @loader_path/Frameworks";
				PRODUCT_BUNDLE_IDENTIFIER = com.daverothschild.SamsClubTVBuyingGuideTests;
				PRODUCT_NAME = "$(TARGET_NAME)";
				SWIFT_VERSION = 4.0;
				TARGETED_DEVICE_FAMILY = "1,2";
				TEST_HOST = "$(BUILT_PRODUCTS_DIR)/SamsClubTVBuyingGuide.app/SamsClubTVBuyingGuide";
			};
			name = Release;
		};
		5557CEF21F7AFF3000D943AB /* Debug */ = {
			isa = XCBuildConfiguration;
			baseConfigurationReference = 860092C567E8B5A0D6539F72 /* Pods-SamsClubTVBuyingGuideUITests.debug.xcconfig */;
			buildSettings = {
				ALWAYS_EMBED_SWIFT_STANDARD_LIBRARIES = YES;
				CODE_SIGN_STYLE = Automatic;
				DEVELOPMENT_TEAM = 64ZMRUDATB;
				INFOPLIST_FILE = SamsClubTVBuyingGuideUITests/Info.plist;
				LD_RUNPATH_SEARCH_PATHS = "$(inherited) @executable_path/Frameworks @loader_path/Frameworks";
				PRODUCT_BUNDLE_IDENTIFIER = com.daverothschild.SamsClubTVBuyingGuideUITests;
				PRODUCT_NAME = "$(TARGET_NAME)";
				SWIFT_VERSION = 4.0;
				TARGETED_DEVICE_FAMILY = "1,2";
				TEST_TARGET_NAME = SamsClubTVBuyingGuide;
			};
			name = Debug;
		};
		5557CEF31F7AFF3000D943AB /* Release */ = {
			isa = XCBuildConfiguration;
			baseConfigurationReference = CFDB66C291E0872757FEB2A5 /* Pods-SamsClubTVBuyingGuideUITests.release.xcconfig */;
			buildSettings = {
				ALWAYS_EMBED_SWIFT_STANDARD_LIBRARIES = YES;
				CODE_SIGN_STYLE = Automatic;
				DEVELOPMENT_TEAM = 64ZMRUDATB;
				INFOPLIST_FILE = SamsClubTVBuyingGuideUITests/Info.plist;
				LD_RUNPATH_SEARCH_PATHS = "$(inherited) @executable_path/Frameworks @loader_path/Frameworks";
				PRODUCT_BUNDLE_IDENTIFIER = com.daverothschild.SamsClubTVBuyingGuideUITests;
				PRODUCT_NAME = "$(TARGET_NAME)";
				SWIFT_VERSION = 4.0;
				TARGETED_DEVICE_FAMILY = "1,2";
				TEST_TARGET_NAME = SamsClubTVBuyingGuide;
			};
			name = Release;
		};
/* End XCBuildConfiguration section */

/* Begin XCConfigurationList section */
		5557CEBE1F7AFF3000D943AB /* Build configuration list for PBXProject "SamsClubTVBuyingGuide" */ = {
			isa = XCConfigurationList;
			buildConfigurations = (
				5557CEE91F7AFF3000D943AB /* Debug */,
				5557CEEA1F7AFF3000D943AB /* Release */,
			);
			defaultConfigurationIsVisible = 0;
			defaultConfigurationName = Release;
		};
		5557CEEB1F7AFF3000D943AB /* Build configuration list for PBXNativeTarget "SamsClubTVBuyingGuide" */ = {
			isa = XCConfigurationList;
			buildConfigurations = (
				5557CEEC1F7AFF3000D943AB /* Debug */,
				5557CEED1F7AFF3000D943AB /* Release */,
			);
			defaultConfigurationIsVisible = 0;
			defaultConfigurationName = Release;
		};
		5557CEEE1F7AFF3000D943AB /* Build configuration list for PBXNativeTarget "SamsClubTVBuyingGuideTests" */ = {
			isa = XCConfigurationList;
			buildConfigurations = (
				5557CEEF1F7AFF3000D943AB /* Debug */,
				5557CEF01F7AFF3000D943AB /* Release */,
			);
			defaultConfigurationIsVisible = 0;
			defaultConfigurationName = Release;
		};
		5557CEF11F7AFF3000D943AB /* Build configuration list for PBXNativeTarget "SamsClubTVBuyingGuideUITests" */ = {
			isa = XCConfigurationList;
			buildConfigurations = (
				5557CEF21F7AFF3000D943AB /* Debug */,
				5557CEF31F7AFF3000D943AB /* Release */,
			);
			defaultConfigurationIsVisible = 0;
			defaultConfigurationName = Release;
		};
/* End XCConfigurationList section */
	};
	rootObject = 5557CEBB1F7AFF3000D943AB /* Project object */;
}
